
Microsoft Visual Studio Solution File, Format Version 12.00
# Visual Studio Version 17
VisualStudioVersion = 17.14.36705.20 d17.14
MinimumVisualStudioVersion = 10.0.40219.1
Project("{888888A0-9F3D-457C-B088-3A5042F75D52}") = "Waitlist_Dev.v2", "Waitlist_Dev.v2\Waitlist_Dev.v2.pyproj", "{E9C87554-A4F1-42B0-9C1C-5555DCE0279B}"
EndProject
Global
	GlobalSection(SolutionConfigurationPlatforms) = preSolution
		Debug|Any CPU = Debug|Any CPU
		Release|Any CPU = Release|Any CPU
	EndGlobalSection
	GlobalSection(ProjectConfigurationPlatforms) = postSolution
		{E9C87554-A4F1-42B0-9C1C-5555DCE0279B}.Debug|Any CPU.ActiveCfg = Debug|Any CPU
		{E9C87554-A4F1-42B0-9C1C-5555DCE0279B}.Release|Any CPU.ActiveCfg = Release|Any CPU
	EndGlobalSection
	GlobalSection(SolutionProperties) = preSolution
		HideSolutionNode = FALSE
	EndGlobalSection
	GlobalSection(ExtensibilityGlobals) = postSolution
		SolutionGuid = {B42DFBEF-0707-423C-8BCB-C3C54C39071B}
	EndGlobalSection
EndGlobal
